github.com/gorilla/context v1.1.1 h1:AWwleXJkX/nhcU9bZSnZoi3h/qGYqQAGhq6zZe/aQW8=
github.com/gorilla/context v1.1.1/go.mod h1:kBGZzfjB9CEq2AlWe17Uuf7NDRt0dE0s8S51q0aT7Yg=
github.com/gorilla/mux v1.7.3 h1:gnP5JzjVOuiZD07fKKToCAOjS0yOpj/qPETTXCCS6hw=
github.com/gorilla/mux v1.7.3/go.mod h1:1lud6UwP+6orDFRuTfBEV8e9/aOM/c4fVVCaMa2zaAs=
github.com/gorilla/pat v1.0.1 h1:OeSoj6sffw4/majibAY2BAUsXjNP7fEE+w30KickaL4=
github.com/gorilla/pat v1.0.1/go.mod h1:YeAe0gNeiNT5hoiZRI4yiOky6jVdNvfO2N6Kav/HmxY=
github.com/jansemmelink/items2 v0.0.0-20190822101121-9b54a36723ea h1:gaTX9kM5q9faM3pjqAlhHS1E4O2bm5a2M7lVvLg9UV4=
github.com/jansemmelink/items2 v0.0.0-20190822101121-9b54a36723ea/go.mod h1:q2uK8x08Tj6TBGuzoUgbRyziKcx5mCfgMCsz1SFWWE8=
github.com/jansemmelink/log v0.3.0 h1:9VLc9thM0HeUQw808EN1jzqeLEUxwS3c6DgoNzSOtJc=
github.com/jansemmelink/log v0.3.0/go.mod h1:4npzuSpVcgpimzy6N9b1E1yTv5L4QfZ2G0CzNDb+55M=
github.com/satori/uuid v1.2.0 h1:6TFY4nxn5XwBx0gDfzbEMCNT6k4N/4FNIuN8RACZ0KI=
github.com/satori/uuid v1.2.0/go.mod h1:B8HLsPLik/YNn6KKWVMDJ8nzCL8RP5WyfsnmvnAEwIU=
gopkg.in/check.v1 v0.0.0-20161208181325-20d25e280405 h1:yhCVgyC4o1eVCa2tZl7eS0r+SDo693bJlVdllGtEeKM=
gopkg.in/check.v1 v0.0.0-20161208181325-20d25e280405/go.mod h1:Co6ibVJAznAaIkqp8huTwlJQCZ016jof/cbN4VW5Yz0=
